
Microsoft Visual Studio Solution File, Format Version 11.00
# Visual Studio 2010
Project("{FAE04EC0-301F-11D3-BF4B-00C04F79EFBC}") = "EasyInstallConsole", "EasyInstall\EasyInstallConsole.csproj", "{CACFE6EF-1DF7-46B5-BED8-0B1DA00489E9}"
EndProject
Project("{FAE04EC0-301F-11D3-BF4B-00C04F79EFBC}") = "EasyInstallLib", "EasyInstallLib\EasyInstallLib.csproj", "{2BA0D69A-D1BB-45CF-B2A1-1DE79F8C6495}"
EndProject
Project("{FAE04EC0-301F-11D3-BF4B-00C04F79EFBC}") = "SchemaEditor", "SchemaEditor\SchemaEditor.csproj", "{F26F7F91-3814-4F16-88E8-035A8411A8E1}"
EndProject
Project("{FAE04EC0-301F-11D3-BF4B-00C04F79EFBC}") = "ViewModels", "EasyInstallViewModels\ViewModels.csproj", "{482FC0FA-A6D1-44E8-8AD3-5B0A9F503B3E}"
EndProject
Project("{FAE04EC0-301F-11D3-BF4B-00C04F79EFBC}") = "WPF.Themes", "WPF.Themes\WPF.Themes.csproj", "{CD3CD636-D63E-4BD5-9FE9-2B63DA6F0616}"
EndProject
Project("{FAE04EC0-301F-11D3-BF4B-00C04F79EFBC}") = "SetupPackager", "SetupPackager\SetupPackager.csproj", "{7178FA89-244C-43BF-B0D6-1B2BAD05CAA4}"
EndProject
Project("{FAE04EC0-301F-11D3-BF4B-00C04F79EFBC}") = "EasyInstallIDE", "EasyInstallIDE\EasyInstallIDE.csproj", "{9F65C7FA-72AA-48A0-A175-75A4F7E3EDE7}"
EndProject
Project("{FAE04EC0-301F-11D3-BF4B-00C04F79EFBC}") = "EasyInstallResources", "EasyInstallResources\EasyInstallResources.csproj", "{D2995F60-1804-4616-B59C-4D33EF688D2A}"
EndProject
Project("{FAE04EC0-301F-11D3-BF4B-00C04F79EFBC}") = "WPG", "WPG\WPG.csproj", "{022EDA6A-0B76-44C3-A530-8312C1B40030}"
EndProject
Project("{FAE04EC0-301F-11D3-BF4B-00C04F79EFBC}") = "EasyInstallInterfaces", "EasyInstallInterfaces\EasyInstallInterfaces.csproj", "{50011C55-689D-4D54-8975-B15A103983F9}"
EndProject
Project("{FAE04EC0-301F-11D3-BF4B-00C04F79EFBC}") = "SetupApp", "SetupApp\SetupApp.csproj", "{B06E1BBB-63FC-4488-A6E8-4093C5A83EFE}"
EndProject
Global
	GlobalSection(SolutionConfigurationPlatforms) = preSolution
		Debug|Any CPU = Debug|Any CPU
		Debug|Mixed Platforms = Debug|Mixed Platforms
		Debug|x86 = Debug|x86
		Part1|Any CPU = Part1|Any CPU
		Part1|Mixed Platforms = Part1|Mixed Platforms
		Part1|x86 = Part1|x86
		Release|Any CPU = Release|Any CPU
		Release|Mixed Platforms = Release|Mixed Platforms
		Release|x86 = Release|x86
	EndGlobalSection
	GlobalSection(ProjectConfigurationPlatforms) = postSolution
		{CACFE6EF-1DF7-46B5-BED8-0B1DA00489E9}.Debug|Any CPU.ActiveCfg = Debug|Any CPU
		{CACFE6EF-1DF7-46B5-BED8-0B1DA00489E9}.Debug|Any CPU.Build.0 = Debug|Any CPU
		{CACFE6EF-1DF7-46B5-BED8-0B1DA00489E9}.Debug|Mixed Platforms.ActiveCfg = Debug|Any CPU
		{CACFE6EF-1DF7-46B5-BED8-0B1DA00489E9}.Debug|Mixed Platforms.Build.0 = Debug|Any CPU
		{CACFE6EF-1DF7-46B5-BED8-0B1DA00489E9}.Debug|x86.ActiveCfg = Debug|Any CPU
		{CACFE6EF-1DF7-46B5-BED8-0B1DA00489E9}.Part1|Any CPU.ActiveCfg = Release|Any CPU
		{CACFE6EF-1DF7-46B5-BED8-0B1DA00489E9}.Part1|Any CPU.Build.0 = Release|Any CPU
		{CACFE6EF-1DF7-46B5-BED8-0B1DA00489E9}.Part1|Mixed Platforms.ActiveCfg = Release|Any CPU
		{CACFE6EF-1DF7-46B5-BED8-0B1DA00489E9}.Part1|Mixed Platforms.Build.0 = Release|Any CPU
		{CACFE6EF-1DF7-46B5-BED8-0B1DA00489E9}.Part1|x86.ActiveCfg = Release|Any CPU
		{CACFE6EF-1DF7-46B5-BED8-0B1DA00489E9}.Release|Any CPU.ActiveCfg = Release|Any CPU
		{CACFE6EF-1DF7-46B5-BED8-0B1DA00489E9}.Release|Any CPU.Build.0 = Release|Any CPU
		{CACFE6EF-1DF7-46B5-BED8-0B1DA00489E9}.Release|Mixed Platforms.ActiveCfg = Release|Any CPU
		{CACFE6EF-1DF7-46B5-BED8-0B1DA00489E9}.Release|Mixed Platforms.Build.0 = Release|Any CPU
		{CACFE6EF-1DF7-46B5-BED8-0B1DA00489E9}.Release|x86.ActiveCfg = Release|Any CPU
		{2BA0D69A-D1BB-45CF-B2A1-1DE79F8C6495}.Debug|Any CPU.ActiveCfg = Debug|Any CPU
		{2BA0D69A-D1BB-45CF-B2A1-1DE79F8C6495}.Debug|Any CPU.Build.0 = Debug|Any CPU
		{2BA0D69A-D1BB-45CF-B2A1-1DE79F8C6495}.Debug|Mixed Platforms.ActiveCfg = Debug|Any CPU
		{2BA0D69A-D1BB-45CF-B2A1-1DE79F8C6495}.Debug|Mixed Platforms.Build.0 = Debug|Any CPU
		{2BA0D69A-D1BB-45CF-B2A1-1DE79F8C6495}.Debug|x86.ActiveCfg = Debug|Any CPU
		{2BA0D69A-D1BB-45CF-B2A1-1DE79F8C6495}.Part1|Any CPU.ActiveCfg = Release|Any CPU
		{2BA0D69A-D1BB-45CF-B2A1-1DE79F8C6495}.Part1|Any CPU.Build.0 = Release|Any CPU
		{2BA0D69A-D1BB-45CF-B2A1-1DE79F8C6495}.Part1|Mixed Platforms.ActiveCfg = Release|Any CPU
		{2BA0D69A-D1BB-45CF-B2A1-1DE79F8C6495}.Part1|Mixed Platforms.Build.0 = Release|Any CPU
		{2BA0D69A-D1BB-45CF-B2A1-1DE79F8C6495}.Part1|x86.ActiveCfg = Release|Any CPU
		{2BA0D69A-D1BB-45CF-B2A1-1DE79F8C6495}.Release|Any CPU.ActiveCfg = Release|Any CPU
		{2BA0D69A-D1BB-45CF-B2A1-1DE79F8C6495}.Release|Any CPU.Build.0 = Release|Any CPU
		{2BA0D69A-D1BB-45CF-B2A1-1DE79F8C6495}.Release|Mixed Platforms.ActiveCfg = Release|Any CPU
		{2BA0D69A-D1BB-45CF-B2A1-1DE79F8C6495}.Release|Mixed Platforms.Build.0 = Release|Any CPU
		{2BA0D69A-D1BB-45CF-B2A1-1DE79F8C6495}.Release|x86.ActiveCfg = Release|Any CPU
		{F26F7F91-3814-4F16-88E8-035A8411A8E1}.Debug|Any CPU.ActiveCfg = Debug|Any CPU
		{F26F7F91-3814-4F16-88E8-035A8411A8E1}.Debug|Any CPU.Build.0 = Debug|Any CPU
		{F26F7F91-3814-4F16-88E8-035A8411A8E1}.Debug|Mixed Platforms.ActiveCfg = Debug|Any CPU
		{F26F7F91-3814-4F16-88E8-035A8411A8E1}.Debug|Mixed Platforms.Build.0 = Debug|Any CPU
		{F26F7F91-3814-4F16-88E8-035A8411A8E1}.Debug|x86.ActiveCfg = Debug|Any CPU
		{F26F7F91-3814-4F16-88E8-035A8411A8E1}.Part1|Any CPU.ActiveCfg = Release|Any CPU
		{F26F7F91-3814-4F16-88E8-035A8411A8E1}.Part1|Any CPU.Build.0 = Release|Any CPU
		{F26F7F91-3814-4F16-88E8-035A8411A8E1}.Part1|Mixed Platforms.ActiveCfg = Release|Any CPU
		{F26F7F91-3814-4F16-88E8-035A8411A8E1}.Part1|Mixed Platforms.Build.0 = Release|Any CPU
		{F26F7F91-3814-4F16-88E8-035A8411A8E1}.Part1|x86.ActiveCfg = Release|Any CPU
		{F26F7F91-3814-4F16-88E8-035A8411A8E1}.Release|Any CPU.ActiveCfg = Release|Any CPU
		{F26F7F91-3814-4F16-88E8-035A8411A8E1}.Release|Any CPU.Build.0 = Release|Any CPU
		{F26F7F91-3814-4F16-88E8-035A8411A8E1}.Release|Mixed Platforms.ActiveCfg = Release|Any CPU
		{F26F7F91-3814-4F16-88E8-035A8411A8E1}.Release|Mixed Platforms.Build.0 = Release|Any CPU
		{F26F7F91-3814-4F16-88E8-035A8411A8E1}.Release|x86.ActiveCfg = Release|Any CPU
		{482FC0FA-A6D1-44E8-8AD3-5B0A9F503B3E}.Debug|Any CPU.ActiveCfg = Debug|Any CPU
		{482FC0FA-A6D1-44E8-8AD3-5B0A9F503B3E}.Debug|Any CPU.Build.0 = Debug|Any CPU
		{482FC0FA-A6D1-44E8-8AD3-5B0A9F503B3E}.Debug|Mixed Platforms.ActiveCfg = Debug|Any CPU
		{482FC0FA-A6D1-44E8-8AD3-5B0A9F503B3E}.Debug|Mixed Platforms.Build.0 = Debug|Any CPU
		{482FC0FA-A6D1-44E8-8AD3-5B0A9F503B3E}.Debug|x86.ActiveCfg = Debug|Any CPU
		{482FC0FA-A6D1-44E8-8AD3-5B0A9F503B3E}.Part1|Any CPU.ActiveCfg = Release|Any CPU
		{482FC0FA-A6D1-44E8-8AD3-5B0A9F503B3E}.Part1|Any CPU.Build.0 = Release|Any CPU
		{482FC0FA-A6D1-44E8-8AD3-5B0A9F503B3E}.Part1|Mixed Platforms.ActiveCfg = Release|Any CPU
		{482FC0FA-A6D1-44E8-8AD3-5B0A9F503B3E}.Part1|Mixed Platforms.Build.0 = Release|Any CPU
		{482FC0FA-A6D1-44E8-8AD3-5B0A9F503B3E}.Part1|x86.ActiveCfg = Release|Any CPU
		{482FC0FA-A6D1-44E8-8AD3-5B0A9F503B3E}.Release|Any CPU.ActiveCfg = Release|Any CPU
		{482FC0FA-A6D1-44E8-8AD3-5B0A9F503B3E}.Release|Any CPU.Build.0 = Release|Any CPU
		{482FC0FA-A6D1-44E8-8AD3-5B0A9F503B3E}.Release|Mixed Platforms.ActiveCfg = Release|Any CPU
		{482FC0FA-A6D1-44E8-8AD3-5B0A9F503B3E}.Release|Mixed Platforms.Build.0 = Release|Any CPU
		{482FC0FA-A6D1-44E8-8AD3-5B0A9F503B3E}.Release|x86.ActiveCfg = Release|Any CPU
		{CD3CD636-D63E-4BD5-9FE9-2B63DA6F0616}.Debug|Any CPU.ActiveCfg = Debug|Any CPU
		{CD3CD636-D63E-4BD5-9FE9-2B63DA6F0616}.Debug|Any CPU.Build.0 = Debug|Any CPU
		{CD3CD636-D63E-4BD5-9FE9-2B63DA6F0616}.Debug|Mixed Platforms.ActiveCfg = Debug|Any CPU
		{CD3CD636-D63E-4BD5-9FE9-2B63DA6F0616}.Debug|Mixed Platforms.Build.0 = Debug|Any CPU
		{CD3CD636-D63E-4BD5-9FE9-2B63DA6F0616}.Debug|x86.ActiveCfg = Debug|Any CPU
		{CD3CD636-D63E-4BD5-9FE9-2B63DA6F0616}.Part1|Any CPU.ActiveCfg = Release|Any CPU
		{CD3CD636-D63E-4BD5-9FE9-2B63DA6F0616}.Part1|Any CPU.Build.0 = Release|Any CPU
		{CD3CD636-D63E-4BD5-9FE9-2B63DA6F0616}.Part1|Mixed Platforms.ActiveCfg = Release|Any CPU
		{CD3CD636-D63E-4BD5-9FE9-2B63DA6F0616}.Part1|Mixed Platforms.Build.0 = Release|Any CPU
		{CD3CD636-D63E-4BD5-9FE9-2B63DA6F0616}.Part1|x86.ActiveCfg = Release|Any CPU
		{CD3CD636-D63E-4BD5-9FE9-2B63DA6F0616}.Release|Any CPU.ActiveCfg = Release|Any CPU
		{CD3CD636-D63E-4BD5-9FE9-2B63DA6F0616}.Release|Any CPU.Build.0 = Release|Any CPU
		{CD3CD636-D63E-4BD5-9FE9-2B63DA6F0616}.Release|Mixed Platforms.ActiveCfg = Release|Any CPU
		{CD3CD636-D63E-4BD5-9FE9-2B63DA6F0616}.Release|Mixed Platforms.Build.0 = Release|Any CPU
		{CD3CD636-D63E-4BD5-9FE9-2B63DA6F0616}.Release|x86.ActiveCfg = Release|Any CPU
		{7178FA89-244C-43BF-B0D6-1B2BAD05CAA4}.Debug|Any CPU.ActiveCfg = Debug|Any CPU
		{7178FA89-244C-43BF-B0D6-1B2BAD05CAA4}.Debug|Any CPU.Build.0 = Debug|Any CPU
		{7178FA89-244C-43BF-B0D6-1B2BAD05CAA4}.Debug|Mixed Platforms.ActiveCfg = Debug|Any CPU
		{7178FA89-244C-43BF-B0D6-1B2BAD05CAA4}.Debug|Mixed Platforms.Build.0 = Debug|Any CPU
		{7178FA89-244C-43BF-B0D6-1B2BAD05CAA4}.Debug|x86.ActiveCfg = Debug|Any CPU
		{7178FA89-244C-43BF-B0D6-1B2BAD05CAA4}.Part1|Any CPU.ActiveCfg = Release|Any CPU
		{7178FA89-244C-43BF-B0D6-1B2BAD05CAA4}.Part1|Any CPU.Build.0 = Release|Any CPU
		{7178FA89-244C-43BF-B0D6-1B2BAD05CAA4}.Part1|Mixed Platforms.ActiveCfg = Release|Any CPU
		{7178FA89-244C-43BF-B0D6-1B2BAD05CAA4}.Part1|Mixed Platforms.Build.0 = Release|Any CPU
		{7178FA89-244C-43BF-B0D6-1B2BAD05CAA4}.Part1|x86.ActiveCfg = Release|Any CPU
		{7178FA89-244C-43BF-B0D6-1B2BAD05CAA4}.Release|Any CPU.ActiveCfg = Release|Any CPU
		{7178FA89-244C-43BF-B0D6-1B2BAD05CAA4}.Release|Any CPU.Build.0 = Release|Any CPU
		{7178FA89-244C-43BF-B0D6-1B2BAD05CAA4}.Release|Mixed Platforms.ActiveCfg = Release|Any CPU
		{7178FA89-244C-43BF-B0D6-1B2BAD05CAA4}.Release|Mixed Platforms.Build.0 = Release|Any CPU
		{7178FA89-244C-43BF-B0D6-1B2BAD05CAA4}.Release|x86.ActiveCfg = Release|Any CPU
		{9F65C7FA-72AA-48A0-A175-75A4F7E3EDE7}.Debug|Any CPU.ActiveCfg = Debug|Any CPU
		{9F65C7FA-72AA-48A0-A175-75A4F7E3EDE7}.Debug|Any CPU.Build.0 = Debug|Any CPU
		{9F65C7FA-72AA-48A0-A175-75A4F7E3EDE7}.Debug|Mixed Platforms.ActiveCfg = Debug|Any CPU
		{9F65C7FA-72AA-48A0-A175-75A4F7E3EDE7}.Debug|Mixed Platforms.Build.0 = Debug|Any CPU
		{9F65C7FA-72AA-48A0-A175-75A4F7E3EDE7}.Debug|x86.ActiveCfg = Debug|Any CPU
		{9F65C7FA-72AA-48A0-A175-75A4F7E3EDE7}.Part1|Any CPU.ActiveCfg = Release|Any CPU
		{9F65C7FA-72AA-48A0-A175-75A4F7E3EDE7}.Part1|Any CPU.Build.0 = Release|Any CPU
		{9F65C7FA-72AA-48A0-A175-75A4F7E3EDE7}.Part1|Mixed Platforms.ActiveCfg = Release|Any CPU
		{9F65C7FA-72AA-48A0-A175-75A4F7E3EDE7}.Part1|Mixed Platforms.Build.0 = Release|Any CPU
		{9F65C7FA-72AA-48A0-A175-75A4F7E3EDE7}.Part1|x86.ActiveCfg = Release|Any CPU
		{9F65C7FA-72AA-48A0-A175-75A4F7E3EDE7}.Release|Any CPU.ActiveCfg = Release|Any CPU
		{9F65C7FA-72AA-48A0-A175-75A4F7E3EDE7}.Release|Any CPU.Build.0 = Release|Any CPU
		{9F65C7FA-72AA-48A0-A175-75A4F7E3EDE7}.Release|Mixed Platforms.ActiveCfg = Release|Any CPU
		{9F65C7FA-72AA-48A0-A175-75A4F7E3EDE7}.Release|Mixed Platforms.Build.0 = Release|Any CPU
		{9F65C7FA-72AA-48A0-A175-75A4F7E3EDE7}.Release|x86.ActiveCfg = Release|Any CPU
		{D2995F60-1804-4616-B59C-4D33EF688D2A}.Debug|Any CPU.ActiveCfg = Debug|Any CPU
		{D2995F60-1804-4616-B59C-4D33EF688D2A}.Debug|Any CPU.Build.0 = Debug|Any CPU
		{D2995F60-1804-4616-B59C-4D33EF688D2A}.Debug|Mixed Platforms.ActiveCfg = Debug|Any CPU
		{D2995F60-1804-4616-B59C-4D33EF688D2A}.Debug|Mixed Platforms.Build.0 = Debug|Any CPU
		{D2995F60-1804-4616-B59C-4D33EF688D2A}.Debug|x86.ActiveCfg = Debug|Any CPU
		{D2995F60-1804-4616-B59C-4D33EF688D2A}.Part1|Any CPU.ActiveCfg = Release|Any CPU
		{D2995F60-1804-4616-B59C-4D33EF688D2A}.Part1|Any CPU.Build.0 = Release|Any CPU
		{D2995F60-1804-4616-B59C-4D33EF688D2A}.Part1|Mixed Platforms.ActiveCfg = Release|Any CPU
		{D2995F60-1804-4616-B59C-4D33EF688D2A}.Part1|Mixed Platforms.Build.0 = Release|Any CPU
		{D2995F60-1804-4616-B59C-4D33EF688D2A}.Part1|x86.ActiveCfg = Release|Any CPU
		{D2995F60-1804-4616-B59C-4D33EF688D2A}.Release|Any CPU.ActiveCfg = Release|Any CPU
		{D2995F60-1804-4616-B59C-4D33EF688D2A}.Release|Any CPU.Build.0 = Release|Any CPU
		{D2995F60-1804-4616-B59C-4D33EF688D2A}.Release|Mixed Platforms.ActiveCfg = Release|Any CPU
		{D2995F60-1804-4616-B59C-4D33EF688D2A}.Release|Mixed Platforms.Build.0 = Release|Any CPU
		{D2995F60-1804-4616-B59C-4D33EF688D2A}.Release|x86.ActiveCfg = Release|Any CPU
		{022EDA6A-0B76-44C3-A530-8312C1B40030}.Debug|Any CPU.ActiveCfg = Debug|Any CPU
		{022EDA6A-0B76-44C3-A530-8312C1B40030}.Debug|Any CPU.Build.0 = Debug|Any CPU
		{022EDA6A-0B76-44C3-A530-8312C1B40030}.Debug|Mixed Platforms.ActiveCfg = Debug|Any CPU
		{022EDA6A-0B76-44C3-A530-8312C1B40030}.Debug|Mixed Platforms.Build.0 = Debug|Any CPU
		{022EDA6A-0B76-44C3-A530-8312C1B40030}.Debug|x86.ActiveCfg = Debug|Any CPU
		{022EDA6A-0B76-44C3-A530-8312C1B40030}.Part1|Any CPU.ActiveCfg = Part1|Any CPU
		{022EDA6A-0B76-44C3-A530-8312C1B40030}.Part1|Any CPU.Build.0 = Part1|Any CPU
		{022EDA6A-0B76-44C3-A530-8312C1B40030}.Part1|Mixed Platforms.ActiveCfg = Part1|Any CPU
		{022EDA6A-0B76-44C3-A530-8312C1B40030}.Part1|Mixed Platforms.Build.0 = Part1|Any CPU
		{022EDA6A-0B76-44C3-A530-8312C1B40030}.Part1|x86.ActiveCfg = Part1|Any CPU
		{022EDA6A-0B76-44C3-A530-8312C1B40030}.Release|Any CPU.ActiveCfg = Release|Any CPU
		{022EDA6A-0B76-44C3-A530-8312C1B40030}.Release|Any CPU.Build.0 = Release|Any CPU
		{022EDA6A-0B76-44C3-A530-8312C1B40030}.Release|Mixed Platforms.ActiveCfg = Release|Any CPU
		{022EDA6A-0B76-44C3-A530-8312C1B40030}.Release|Mixed Platforms.Build.0 = Release|Any CPU
		{022EDA6A-0B76-44C3-A530-8312C1B40030}.Release|x86.ActiveCfg = Release|Any CPU
		{50011C55-689D-4D54-8975-B15A103983F9}.Debug|Any CPU.ActiveCfg = Debug|Any CPU
		{50011C55-689D-4D54-8975-B15A103983F9}.Debug|Any CPU.Build.0 = Debug|Any CPU
		{50011C55-689D-4D54-8975-B15A103983F9}.Debug|Mixed Platforms.ActiveCfg = Debug|Any CPU
		{50011C55-689D-4D54-8975-B15A103983F9}.Debug|Mixed Platforms.Build.0 = Debug|Any CPU
		{50011C55-689D-4D54-8975-B15A103983F9}.Debug|x86.ActiveCfg = Debug|Any CPU
		{50011C55-689D-4D54-8975-B15A103983F9}.Part1|Any CPU.ActiveCfg = Release|Any CPU
		{50011C55-689D-4D54-8975-B15A103983F9}.Part1|Any CPU.Build.0 = Release|Any CPU
		{50011C55-689D-4D54-8975-B15A103983F9}.Part1|Mixed Platforms.ActiveCfg = Release|Any CPU
		{50011C55-689D-4D54-8975-B15A103983F9}.Part1|Mixed Platforms.Build.0 = Release|Any CPU
		{50011C55-689D-4D54-8975-B15A103983F9}.Part1|x86.ActiveCfg = Release|Any CPU
		{50011C55-689D-4D54-8975-B15A103983F9}.Release|Any CPU.ActiveCfg = Release|Any CPU
		{50011C55-689D-4D54-8975-B15A103983F9}.Release|Any CPU.Build.0 = Release|Any CPU
		{50011C55-689D-4D54-8975-B15A103983F9}.Release|Mixed Platforms.ActiveCfg = Release|Any CPU
		{50011C55-689D-4D54-8975-B15A103983F9}.Release|Mixed Platforms.Build.0 = Release|Any CPU
		{50011C55-689D-4D54-8975-B15A103983F9}.Release|x86.ActiveCfg = Release|Any CPU
		{B06E1BBB-63FC-4488-A6E8-4093C5A83EFE}.Debug|Any CPU.ActiveCfg = Debug|x86
		{B06E1BBB-63FC-4488-A6E8-4093C5A83EFE}.Debug|Mixed Platforms.ActiveCfg = Debug|x86
		{B06E1BBB-63FC-4488-A6E8-4093C5A83EFE}.Debug|Mixed Platforms.Build.0 = Debug|x86
		{B06E1BBB-63FC-4488-A6E8-4093C5A83EFE}.Debug|x86.ActiveCfg = Debug|x86
		{B06E1BBB-63FC-4488-A6E8-4093C5A83EFE}.Debug|x86.Build.0 = Debug|x86
		{B06E1BBB-63FC-4488-A6E8-4093C5A83EFE}.Part1|Any CPU.ActiveCfg = Release|x86
		{B06E1BBB-63FC-4488-A6E8-4093C5A83EFE}.Part1|Mixed Platforms.ActiveCfg = Release|x86
		{B06E1BBB-63FC-4488-A6E8-4093C5A83EFE}.Part1|Mixed Platforms.Build.0 = Release|x86
		{B06E1BBB-63FC-4488-A6E8-4093C5A83EFE}.Part1|x86.ActiveCfg = Release|x86
		{B06E1BBB-63FC-4488-A6E8-4093C5A83EFE}.Part1|x86.Build.0 = Release|x86
		{B06E1BBB-63FC-4488-A6E8-4093C5A83EFE}.Release|Any CPU.ActiveCfg = Release|x86
		{B06E1BBB-63FC-4488-A6E8-4093C5A83EFE}.Release|Mixed Platforms.ActiveCfg = Release|x86
		{B06E1BBB-63FC-4488-A6E8-4093C5A83EFE}.Release|Mixed Platforms.Build.0 = Release|x86
		{B06E1BBB-63FC-4488-A6E8-4093C5A83EFE}.Release|x86.ActiveCfg = Release|x86
		{B06E1BBB-63FC-4488-A6E8-4093C5A83EFE}.Release|x86.Build.0 = Release|x86
	EndGlobalSection
	GlobalSection(SolutionProperties) = preSolution
		HideSolutionNode = FALSE
	EndGlobalSection
EndGlobal
